// !$*UTF8*$!
{
	archiveVersion = 1;
	classes = {
	};
	objectVersion = 46;
	objects = {

/* Begin PBXBuildFile section */
		425311251DD5E4DF003CE611 /* TableViewController.m in Sources */ = {isa = PBXBuildFile; fileRef = 425311241DD5E4DF003CE611 /* TableViewController.m */; };
		425311281DD61428003CE611 /* CollectionViewController.m in Sources */ = {isa = PBXBuildFile; fileRef = 425311271DD61428003CE611 /* CollectionViewController.m */; };
		4253112B1DD621A8003CE611 /* CollectionViewCell.m in Sources */ = {isa = PBXBuildFile; fileRef = 4253112A1DD621A8003CE611 /* CollectionViewCell.m */; };
		4253112E1DD63CF9003CE611 /* UIViewController+AlertInterface.m in Sources */ = {isa = PBXBuildFile; fileRef = 4253112D1DD63CF9003CE611 /* UIViewController+AlertInterface.m */; };
		4255168F1DD4EF1A0044237B /* main.m in Sources */ = {isa = PBXBuildFile; fileRef = 4255168E1DD4EF1A0044237B /* main.m */; };
		425516921DD4EF1A0044237B /* AppDelegate.m in Sources */ = {isa = PBXBuildFile; fileRef = 425516911DD4EF1A0044237B /* AppDelegate.m */; };
		425516981DD4EF1A0044237B /* Main.storyboard in Resources */ = {isa = PBXBuildFile; fileRef = 425516961DD4EF1A0044237B /* Main.storyboard */; };
		4255169A1DD4EF1A0044237B /* Assets.xcassets in Resources */ = {isa = PBXBuildFile; fileRef = 425516991DD4EF1A0044237B /* Assets.xcassets */; };
		4255169D1DD4EF1A0044237B /* LaunchScreen.storyboard in Resources */ = {isa = PBXBuildFile; fileRef = 4255169B1DD4EF1A0044237B /* LaunchScreen.storyboard */; };
		425516A81DD4EF1A0044237B /* itunesAPITests.m in Sources */ = {isa = PBXBuildFile; fileRef = 425516A71DD4EF1A0044237B /* itunesAPITests.m */; };
		425516B41DD4F0790044237B /* NetworkingUtils.m in Sources */ = {isa = PBXBuildFile; fileRef = 425516B31DD4F0790044237B /* NetworkingUtils.m */; };
		425516B71DD4F1010044237B /* Response.m in Sources */ = {isa = PBXBuildFile; fileRef = 425516B61DD4F1010044237B /* Response.m */; };
		425516BA1DD4F3390044237B /* Artist.m in Sources */ = {isa = PBXBuildFile; fileRef = 425516B91DD4F3390044237B /* Artist.m */; };
		425516BD1DD4F3E50044237B /* Album.m in Sources */ = {isa = PBXBuildFile; fileRef = 425516BC1DD4F3E50044237B /* Album.m */; };
/* End PBXBuildFile section */

/* Begin PBXContainerItemProxy section */
		425516A41DD4EF1A0044237B /* PBXContainerItemProxy */ = {
			isa = PBXContainerItemProxy;
			containerPortal = 425516821DD4EF1A0044237B /* Project object */;
			proxyType = 1;
			remoteGlobalIDString = 425516891DD4EF1A0044237B;
			remoteInfo = itunesAPI;
		};
/* End PBXContainerItemProxy section */

/* Begin PBXFileReference section */
		425311231DD5E4DF003CE611 /* TableViewController.h */ = {isa = PBXFileReference; fileEncoding = 4; lastKnownFileType = sourcecode.c.h; path = TableViewController.h; sourceTree = "<group>"; };
		425311241DD5E4DF003CE611 /* TableViewController.m */ = {isa = PBXFileReference; fileEncoding = 4; lastKnownFileType = sourcecode.c.objc; path = TableViewController.m; sourceTree = "<group>"; };
		425311261DD61428003CE611 /* CollectionViewController.h */ = {isa = PBXFileReference; fileEncoding = 4; lastKnownFileType = sourcecode.c.h; path = CollectionViewController.h; sourceTree = "<group>"; };
		425311271DD61428003CE611 /* CollectionViewController.m */ = {isa = PBXFileReference; fileEncoding = 4; lastKnownFileType = sourcecode.c.objc; path = CollectionViewController.m; sourceTree = "<group>"; };
		425311291DD621A8003CE611 /* CollectionViewCell.h */ = {isa = PBXFileReference; fileEncoding = 4; lastKnownFileType = sourcecode.c.h; path = CollectionViewCell.h; sourceTree = "<group>"; };
		4253112A1DD621A8003CE611 /* CollectionViewCell.m */ = {isa = PBXFileReference; fileEncoding = 4; lastKnownFileType = sourcecode.c.objc; path = CollectionViewCell.m; sourceTree = "<group>"; };
		4253112C1DD63CF9003CE611 /* UIViewController+AlertInterface.h */ = {isa = PBXFileReference; fileEncoding = 4; lastKnownFileType = sourcecode.c.h; path = "UIViewController+AlertInterface.h"; sourceTree = "<group>"; };
		4253112D1DD63CF9003CE611 /* UIViewController+AlertInterface.m */ = {isa = PBXFileReference; fileEncoding = 4; lastKnownFileType = sourcecode.c.objc; path = "UIViewController+AlertInterface.m"; sourceTree = "<group>"; };
		4255168A1DD4EF1A0044237B /* itunesAPI.app */ = {isa = PBXFileReference; explicitFileType = wrapper.application; includeInIndex = 0; path = itunesAPI.app; sourceTree = BUILT_PRODUCTS_DIR; };
		4255168E1DD4EF1A0044237B /* main.m */ = {isa = PBXFileReference; lastKnownFileType = sourcecode.c.objc; path = main.m; sourceTree = "<group>"; };
		425516901DD4EF1A0044237B /* AppDelegate.h */ = {isa = PBXFileReference; lastKnownFileType = sourcecode.c.h; path = AppDelegate.h; sourceTree = "<group>"; };
		425516911DD4EF1A0044237B /* AppDelegate.m */ = {isa = PBXFileReference; lastKnownFileType = sourcecode.c.objc; path = AppDelegate.m; sourceTree = "<group>"; };
		425516971DD4EF1A0044237B /* Base */ = {isa = PBXFileReference; lastKnownFileType = file.storyboard; name = Base; path = Base.lproj/Main.storyboard; sourceTree = "<group>"; };
		425516991DD4EF1A0044237B /* Assets.xcassets */ = {isa = PBXFileReference; lastKnownFileType = folder.assetcatalog; path = Assets.xcassets; sourceTree = "<group>"; };
		4255169C1DD4EF1A0044237B /* Base */ = {isa = PBXFileReference; lastKnownFileType = file.storyboard; name = Base; path = Base.lproj/LaunchScreen.storyboard; sourceTree = "<group>"; };
		4255169E1DD4EF1A0044237B /* Info.plist */ = {isa = PBXFileReference; lastKnownFileType = text.plist.xml; path = Info.plist; sourceTree = "<group>"; };
		425516A31DD4EF1A0044237B /* itunesAPITests.xctest */ = {isa = PBXFileReference; explicitFileType = wrapper.cfbundle; includeInIndex = 0; path = itunesAPITests.xctest; sourceTree = BUILT_PRODUCTS_DIR; };
		425516A71DD4EF1A0044237B /* itunesAPITests.m */ = {isa = PBXFileReference; lastKnownFileType = sourcecode.c.objc; path = itunesAPITests.m; sourceTree = "<group>"; };
		425516A91DD4EF1A0044237B /* Info.plist */ = {isa = PBXFileReference; lastKnownFileType = text.plist.xml; path = Info.plist; sourceTree = "<group>"; };
		425516B21DD4F0790044237B /* NetworkingUtils.h */ = {isa = PBXFileReference; fileEncoding = 4; lastKnownFileType = sourcecode.c.h; path = NetworkingUtils.h; sourceTree = "<group>"; };
		425516B31DD4F0790044237B /* NetworkingUtils.m */ = {isa = PBXFileReference; fileEncoding = 4; lastKnownFileType = sourcecode.c.objc; path = NetworkingUtils.m; sourceTree = "<group>"; };
		425516B51DD4F1010044237B /* Response.h */ = {isa = PBXFileReference; fileEncoding = 4; lastKnownFileType = sourcecode.c.h; path = Response.h; sourceTree = "<group>"; };
		425516B61DD4F1010044237B /* Response.m */ = {isa = PBXFileReference; fileEncoding = 4; lastKnownFileType = sourcecode.c.objc; path = Response.m; sourceTree = "<group>"; };
		425516B81DD4F3390044237B /* Artist.h */ = {isa = PBXFileReference; fileEncoding = 4; lastKnownFileType = sourcecode.c.h; path = Artist.h; sourceTree = "<group>"; };
		425516B91DD4F3390044237B /* Artist.m */ = {isa = PBXFileReference; fileEncoding = 4; lastKnownFileType = sourcecode.c.objc; path = Artist.m; sourceTree = "<group>"; };
		425516BB1DD4F3E50044237B /* Album.h */ = {isa = PBXFileReference; fileEncoding = 4; lastKnownFileType = sourcecode.c.h; path = Album.h; sourceTree = "<group>"; };
		425516BC1DD4F3E50044237B /* Album.m */ = {isa = PBXFileReference; fileEncoding = 4; lastKnownFileType = sourcecode.c.objc; path = Album.m; sourceTree = "<group>"; };
/* End PBXFileReference section */

/* Begin PBXFrameworksBuildPhase section */
		425516871DD4EF1A0044237B /* Frameworks */ = {
			isa = PBXFrameworksBuildPhase;
			buildActionMask = 2147483647;
			files = (
			);
			runOnlyForDeploymentPostprocessing = 0;
		};
		425516A01DD4EF1A0044237B /* Frameworks */ = {
			isa = PBXFrameworksBuildPhase;
			buildActionMask = 2147483647;
			files = (
			);
			runOnlyForDeploymentPostprocessing = 0;
		};
/* End PBXFrameworksBuildPhase section */

/* Begin PBXGroup section */
		425516811DD4EF1A0044237B = {
			isa = PBXGroup;
			children = (
				4255168C1DD4EF1A0044237B /* itunesAPI */,
				425516A61DD4EF1A0044237B /* itunesAPITests */,
				4255168B1DD4EF1A0044237B /* Products */,
			);
			sourceTree = "<group>";
		};
		4255168B1DD4EF1A0044237B /* Products */ = {
			isa = PBXGroup;
			children = (
				4255168A1DD4EF1A0044237B /* itunesAPI.app */,
				425516A31DD4EF1A0044237B /* itunesAPITests.xctest */,
			);
			name = Products;
			sourceTree = "<group>";
		};
		4255168C1DD4EF1A0044237B /* itunesAPI */ = {
			isa = PBXGroup;
			children = (
				425516901DD4EF1A0044237B /* AppDelegate.h */,
				425516911DD4EF1A0044237B /* AppDelegate.m */,
				425516961DD4EF1A0044237B /* Main.storyboard */,
				425311291DD621A8003CE611 /* CollectionViewCell.h */,
				4253112A1DD621A8003CE611 /* CollectionViewCell.m */,
				425311231DD5E4DF003CE611 /* TableViewController.h */,
				425311241DD5E4DF003CE611 /* TableViewController.m */,
				425311261DD61428003CE611 /* CollectionViewController.h */,
				425311271DD61428003CE611 /* CollectionViewController.m */,
				425516B21DD4F0790044237B /* NetworkingUtils.h */,
				425516B31DD4F0790044237B /* NetworkingUtils.m */,
				425516B81DD4F3390044237B /* Artist.h */,
				425516B91DD4F3390044237B /* Artist.m */,
				425516BB1DD4F3E50044237B /* Album.h */,
				425516BC1DD4F3E50044237B /* Album.m */,
				425516B51DD4F1010044237B /* Response.h */,
				425516B61DD4F1010044237B /* Response.m */,
				425516991DD4EF1A0044237B /* Assets.xcassets */,
				4255169B1DD4EF1A0044237B /* LaunchScreen.storyboard */,
				4255169E1DD4EF1A0044237B /* Info.plist */,
				4255168D1DD4EF1A0044237B /* Supporting Files */,
				4253112C1DD63CF9003CE611 /* UIViewController+AlertInterface.h */,
				4253112D1DD63CF9003CE611 /* UIViewController+AlertInterface.m */,
			);
			path = itunesAPI;
			sourceTree = "<group>";
		};
		4255168D1DD4EF1A0044237B /* Supporting Files */ = {
			isa = PBXGroup;
			children = (
				4255168E1DD4EF1A0044237B /* main.m */,
			);
			name = "Supporting Files";
			sourceTree = "<group>";
		};
		425516A61DD4EF1A0044237B /* itunesAPITests */ = {
			isa = PBXGroup;
			children = (
				425516A71DD4EF1A0044237B /* itunesAPITests.m */,
				425516A91DD4EF1A0044237B /* Info.plist */,
			);
			path = itunesAPITests;
			sourceTree = "<group>";
		};
/* End PBXGroup section */

/* Begin PBXNativeTarget section */
		425516891DD4EF1A0044237B /* itunesAPI */ = {
			isa = PBXNativeTarget;
			buildConfigurationList = 425516AC1DD4EF1A0044237B /* Build configuration list for PBXNativeTarget "itunesAPI" */;
			buildPhases = (
				425516861DD4EF1A0044237B /* Sources */,
				425516871DD4EF1A0044237B /* Frameworks */,
				425516881DD4EF1A0044237B /* Resources */,
			);
			buildRules = (
			);
			dependencies = (
			);
			name = itunesAPI;
			productName = itunesAPI;
			productReference = 4255168A1DD4EF1A0044237B /* itunesAPI.app */;
			productType = "com.apple.product-type.application";
		};
		425516A21DD4EF1A0044237B /* itunesAPITests */ = {
			isa = PBXNativeTarget;
			buildConfigurationList = 425516AF1DD4EF1A0044237B /* Build configuration list for PBXNativeTarget "itunesAPITests" */;
			buildPhases = (
				4255169F1DD4EF1A0044237B /* Sources */,
				425516A01DD4EF1A0044237B /* Frameworks */,
				425516A11DD4EF1A0044237B /* Resources */,
			);
			buildRules = (
			);
			dependencies = (
				425516A51DD4EF1A0044237B /* PBXTargetDependency */,
			);
			name = itunesAPITests;
			productName = itunesAPITests;
			productReference = 425516A31DD4EF1A0044237B /* itunesAPITests.xctest */;
			productType = "com.apple.product-type.bundle.unit-test";
		};
/* End PBXNativeTarget section */

/* Begin PBXProject section */
		425516821DD4EF1A0044237B /* Project object */ = {
			isa = PBXProject;
			attributes = {
				LastUpgradeCheck = 0810;
				ORGANIZATIONNAME = "Piervincenzo Parisi";
				TargetAttributes = {
					425516891DD4EF1A0044237B = {
						CreatedOnToolsVersion = 8.1;
						DevelopmentTeam = 2T4RBJ82PY;
						ProvisioningStyle = Automatic;
					};
					425516A21DD4EF1A0044237B = {
						CreatedOnToolsVersion = 8.1;
						ProvisioningStyle = Automatic;
						TestTargetID = 425516891DD4EF1A0044237B;
					};
				};
			};
			buildConfigurationList = 425516851DD4EF1A0044237B /* Build configuration list for PBXProject "itunesAPI" */;
			compatibilityVersion = "Xcode 3.2";
			developmentRegion = English;
			hasScannedForEncodings = 0;
			knownRegions = (
				en,
				Base,
			);
			mainGroup = 425516811DD4EF1A0044237B;
			productRefGroup = 4255168B1DD4EF1A0044237B /* Products */;
			projectDirPath = "";
			projectRoot = "";
			targets = (
				425516891DD4EF1A0044237B /* itunesAPI */,
				425516A21DD4EF1A0044237B /* itunesAPITests */,
			);
		};
/* End PBXProject section */

/* Begin PBXResourcesBuildPhase section */
		425516881DD4EF1A0044237B /* Resources */ = {
			isa = PBXResourcesBuildPhase;
			buildActionMask = 2147483647;
			files = (
				4255169D1DD4EF1A0044237B /* LaunchScreen.storyboard in Resources */,
				4255169A1DD4EF1A0044237B /* Assets.xcassets in Resources */,
				425516981DD4EF1A0044237B /* Main.storyboard in Resources */,
			);
			runOnlyForDeploymentPostprocessing = 0;
		};
		425516A11DD4EF1A0044237B /* Resources */ = {
			isa = PBXResourcesBuildPhase;
			buildActionMask = 2147483647;
			files = (
			);
			runOnlyForDeploymentPostprocessing = 0;
		};
/* End PBXResourcesBuildPhase section */

/* Begin PBXSourcesBuildPhase section */
		425516861DD4EF1A0044237B /* Sources */ = {
			isa = PBXSourcesBuildPhase;
			buildActionMask = 2147483647;
			files = (
				425311281DD61428003CE611 /* CollectionViewController.m in Sources */,
				425516B41DD4F0790044237B /* NetworkingUtils.m in Sources */,
				425516B71DD4F1010044237B /* Response.m in Sources */,
				4253112E1DD63CF9003CE611 /* UIViewController+AlertInterface.m in Sources */,
				4253112B1DD621A8003CE611 /* CollectionViewCell.m in Sources */,
				425516921DD4EF1A0044237B /* AppDelegate.m in Sources */,
				425516BA1DD4F3390044237B /* Artist.m in Sources */,
				425516BD1DD4F3E50044237B /* Album.m in Sources */,
				4255168F1DD4EF1A0044237B /* main.m in Sources */,
				425311251DD5E4DF003CE611 /* TableViewController.m in Sources */,
			);
			runOnlyForDeploymentPostprocessing = 0;
		};
		4255169F1DD4EF1A0044237B /* Sources */ = {
			isa = PBXSourcesBuildPhase;
			buildActionMask = 2147483647;
			files = (
				425516A81DD4EF1A0044237B /* itunesAPITests.m in Sources */,
			);
			runOnlyForDeploymentPostprocessing = 0;
		};
/* End PBXSourcesBuildPhase section */

/* Begin PBXTargetDependency section */
		425516A51DD4EF1A0044237B /* PBXTargetDependency */ = {
			isa = PBXTargetDependency;
			target = 425516891DD4EF1A0044237B /* itunesAPI */;
			targetProxy = 425516A41DD4EF1A0044237B /* PBXContainerItemProxy */;
		};
/* End PBXTargetDependency section */

/* Begin PBXVariantGroup section */
		425516961DD4EF1A0044237B /* Main.storyboard */ = {
			isa = PBXVariantGroup;
			children = (
				425516971DD4EF1A0044237B /* Base */,
			);
			name = Main.storyboard;
			sourceTree = "<group>";
		};
		4255169B1DD4EF1A0044237B /* LaunchScreen.storyboard */ = {
			isa = PBXVariantGroup;
			children = (
				4255169C1DD4EF1A0044237B /* Base */,
			);
			name = LaunchScreen.storyboard;
			sourceTree = "<group>";
		};
/* End PBXVariantGroup section */

/* Begin XCBuildConfiguration section */
		425516AA1DD4EF1A0044237B /* Debug */ = {
			isa = XCBuildConfiguration;
			buildSettings = {
				ALWAYS_SEARCH_USER_PATHS = NO;
				CLANG_ANALYZER_NONNULL = YES;
				CLANG_CXX_LANGUAGE_STANDARD = "gnu++0x";
				CLANG_CXX_LIBRARY = "libc++";
				CLANG_ENABLE_MODULES = YES;
				CLANG_ENABLE_OBJC_ARC = YES;
				CLANG_WARN_BOOL_CONVERSION = YES;
				CLANG_WARN_CONSTANT_CONVERSION = YES;
				CLANG_WARN_DIRECT_OBJC_ISA_USAGE = YES_ERROR;
				CLANG_WARN_DOCUMENTATION_COMMENTS = YES;
				CLANG_WARN_EMPTY_BODY = YES;
				CLANG_WARN_ENUM_CONVERSION = YES;
				CLANG_WARN_INFINITE_RECURSION = YES;
				CLANG_WARN_INT_CONVERSION = YES;
				CLANG_WARN_OBJC_ROOT_CLASS = YES_ERROR;
				CLANG_WARN_SUSPICIOUS_MOVES = YES;
				CLANG_WARN_UNREACHABLE_CODE = YES;
				CLANG_WARN__DUPLICATE_METHOD_MATCH = YES;
				"CODE_SIGN_IDENTITY[sdk=iphoneos*]" = "iPhone Developer";
				COPY_PHASE_STRIP = NO;
				DEBUG_INFORMATION_FORMAT = dwarf;
				ENABLE_STRICT_OBJC_MSGSEND = YES;
				ENABLE_TESTABILITY = YES;
				GCC_C_LANGUAGE_STANDARD = gnu99;
				GCC_DYNAMIC_NO_PIC = NO;
				GCC_NO_COMMON_BLOCKS = YES;
				GCC_OPTIMIZATION_LEVEL = 0;
				GCC_PREPROCESSOR_DEFINITIONS = (
					"DEBUG=1",
					"$(inherited)",
				);
				GCC_WARN_64_TO_32_BIT_CONVERSION = YES;
				GCC_WARN_ABOUT_RETURN_TYPE = YES_ERROR;
				GCC_WARN_UNDECLARED_SELECTOR = YES;
				GCC_WARN_UNINITIALIZED_AUTOS = YES_AGGRESSIVE;
				GCC_WARN_UNUSED_FUNCTION = YES;
				GCC_WARN_UNUSED_VARIABLE = YES;
				IPHONEOS_DEPLOYMENT_TARGET = 10.1;
				MTL_ENABLE_DEBUG_INFO = YES;
				ONLY_ACTIVE_ARCH = YES;
				SDKROOT = iphoneos;
				TARGETED_DEVICE_FAMILY = "1,2";
			};
			name = Debug;
		};
		425516AB1DD4EF1A0044237B /* Release */ = {
			isa = XCBuildConfiguration;
			buildSettings = {
				ALWAYS_SEARCH_USER_PATHS = NO;
				CLANG_ANALYZER_NONNULL = YES;
				CLANG_CXX_LANGUAGE_STANDARD = "gnu++0x";
				CLANG_CXX_LIBRARY = "libc++";
				CLANG_ENABLE_MODULES = YES;
				CLANG_ENABLE_OBJC_ARC = YES;
				CLANG_WARN_BOOL_CONVERSION = YES;
				CLANG_WARN_CONSTANT_CONVERSION = YES;
				CLANG_WARN_DIRECT_OBJC_ISA_USAGE = YES_ERROR;
				CLANG_WARN_DOCUMENTATION_COMMENTS = YES;
				CLANG_WARN_EMPTY_BODY = YES;
				CLANG_WARN_ENUM_CONVERSION = YES;
				CLANG_WARN_INFINITE_RECURSION = YES;
				CLANG_WARN_INT_CONVERSION = YES;
				CLANG_WARN_OBJC_ROOT_CLASS = YES_ERROR;
				CLANG_WARN_SUSPICIOUS_MOVES = YES;
				CLANG_WARN_UNREACHABLE_CODE = YES;
				CLANG_WARN__DUPLICATE_METHOD_MATCH = YES;
				"CODE_SIGN_IDENTITY[sdk=iphoneos*]" = "iPhone Developer";
				COPY_PHASE_STRIP = NO;
				DEBUG_INFORMATION_FORMAT = "dwarf-with-dsym";
				ENABLE_NS_ASSERTIONS = NO;
				ENABLE_STRICT_OBJC_MSGSEND = YES;
				GCC_C_LANGUAGE_STANDARD = gnu99;
				GCC_NO_COMMON_BLOCKS = YES;
				GCC_WARN_64_TO_32_BIT_CONVERSION = YES;
				GCC_WARN_ABOUT_RETURN_TYPE = YES_ERROR;
				GCC_WARN_UNDECLARED_SELECTOR = YES;
				GCC_WARN_UNINITIALIZED_AUTOS = YES_AGGRESSIVE;
				GCC_WARN_UNUSED_FUNCTION = YES;
				GCC_WARN_UNUSED_VARIABLE = YES;
				IPHONEOS_DEPLOYMENT_TARGET = 10.1;
				MTL_ENABLE_DEBUG_INFO = NO;
				SDKROOT = iphoneos;
				TARGETED_DEVICE_FAMILY = "1,2";
				VALIDATE_PRODUCT = YES;
			};
			name = Release;
		};
		425516AD1DD4EF1A0044237B /* Debug */ = {
			isa = XCBuildConfiguration;
			buildSettings = {
				ASSETCATALOG_COMPILER_APPICON_NAME = AppIcon;
				DEVELOPMENT_TEAM = 2T4RBJ82PY;
				INFOPLIST_FILE = itunesAPI/Info.plist;
				LD_RUNPATH_SEARCH_PATHS = "$(inherited) @executable_path/Frameworks";
				PRODUCT_BUNDLE_IDENTIFIER = com.example.itunesAPI;
				PRODUCT_NAME = "$(TARGET_NAME)";
			};
			name = Debug;
		};
		425516AE1DD4EF1A0044237B /* Release */ = {
			isa = XCBuildConfiguration;
			buildSettings = {
				ASSETCATALOG_COMPILER_APPICON_NAME = AppIcon;
				DEVELOPMENT_TEAM = 2T4RBJ82PY;
				INFOPLIST_FILE = itunesAPI/Info.plist;
				LD_RUNPATH_SEARCH_PATHS = "$(inherited) @executable_path/Frameworks";
				PRODUCT_BUNDLE_IDENTIFIER = com.example.itunesAPI;
				PRODUCT_NAME = "$(TARGET_NAME)";
			};
			name = Release;
		};
		425516B01DD4EF1A0044237B /* Debug */ = {
			isa = XCBuildConfiguration;
			buildSettings = {
				BUNDLE_LOADER = "$(TEST_HOST)";
				INFOPLIST_FILE = itunesAPITests/Info.plist;
				LD_RUNPATH_SEARCH_PATHS = "$(inherited) @executable_path/Frameworks @loader_path/Frameworks";
				PRODUCT_BUNDLE_IDENTIFIER = com.example.itunesAPITests;
				PRODUCT_NAME = "$(TARGET_NAME)";
				TEST_HOST = "$(BUILT_PRODUCTS_DIR)/itunesAPI.app/itunesAPI";
			};
			name = Debug;
		};
		425516B11DD4EF1A0044237B /* Release */ = {
			isa = XCBuildConfiguration;
			buildSettings = {
				BUNDLE_LOADER = "$(TEST_HOST)";
				INFOPLIST_FILE = itunesAPITests/Info.plist;
				LD_RUNPATH_SEARCH_PATHS = "$(inherited) @executable_path/Frameworks @loader_path/Frameworks";
				PRODUCT_BUNDLE_IDENTIFIER = com.example.itunesAPITests;
				PRODUCT_NAME = "$(TARGET_NAME)";
				TEST_HOST = "$(BUILT_PRODUCTS_DIR)/itunesAPI.app/itunesAPI";
			};
			name = Release;
		};
/* End XCBuildConfiguration section */

/* Begin XCConfigurationList section */
		425516851DD4EF1A0044237B /* Build configuration list for PBXProject "itunesAPI" */ = {
			isa = XCConfigurationList;
			buildConfigurations = (
				425516AA1DD4EF1A0044237B /* Debug */,
				425516AB1DD4EF1A0044237B /* Release */,
			);
			defaultConfigurationIsVisible = 0;
			defaultConfigurationName = Release;
		};
		425516AC1DD4EF1A0044237B /* Build configuration list for PBXNativeTarget "itunesAPI" */ = {
			isa = XCConfigurationList;
			buildConfigurations = (
				425516AD1DD4EF1A0044237B /* Debug */,
				425516AE1DD4EF1A0044237B /* Release */,
			);
			defaultConfigurationIsVisible = 0;
			defaultConfigurationName = Release;
		};
		425516AF1DD4EF1A0044237B /* Build configuration list for PBXNativeTarget "itunesAPITests" */ = {
			isa = XCConfigurationList;
			buildConfigurations = (
				425516B01DD4EF1A0044237B /* Debug */,
				425516B11DD4EF1A0044237B /* Release */,
			);
			defaultConfigurationIsVisible = 0;
			defaultConfigurationName = Release;
		};
/* End XCConfigurationList section */
	};
	rootObject = 425516821DD4EF1A0044237B /* Project object */;
}
